
Microsoft Visual Studio Solution File, Format Version 12.00
# Visual Studio Version 17
VisualStudioVersion = 17.12.35323.107
MinimumVisualStudioVersion = 10.0.40219.1
Project("{FAE04EC0-301F-11D3-BF4B-00C04F79EFBC}") = "QuanLyBanHangSieuThi", "QuanLyBanHangSieuThi\QuanLyBanHangSieuThi.csproj", "{A2F7E04C-834F-4B3A-B163-8C6DB9911C9A}"
EndProject
Global
	GlobalSection(SolutionConfigurationPlatforms) = preSolution
		Debug|Any CPU = Debug|Any CPU
		Release|Any CPU = Release|Any CPU
	EndGlobalSection
	GlobalSection(ProjectConfigurationPlatforms) = postSolution
		{A2F7E04C-834F-4B3A-B163-8C6DB9911C9A}.Debug|Any CPU.ActiveCfg = Debug|Any CPU
		{A2F7E04C-834F-4B3A-B163-8C6DB9911C9A}.Debug|Any CPU.Build.0 = Debug|Any CPU
		{A2F7E04C-834F-4B3A-B163-8C6DB9911C9A}.Release|Any CPU.ActiveCfg = Release|Any CPU
		{A2F7E04C-834F-4B3A-B163-8C6DB9911C9A}.Release|Any CPU.Build.0 = Release|Any CPU
	EndGlobalSection
	GlobalSection(SolutionProperties) = preSolution
		HideSolutionNode = FALSE
	EndGlobalSection
	GlobalSection(ExtensibilityGlobals) = postSolution
		SolutionGuid = {D5D80CC2-C8AE-4FEA-BE97-3D17711A4883}
	EndGlobalSection
EndGlobal
